{
    "name": "@loupeteam/librarybuilderproject",
    "version": "0.2.0",
    "lockfileVersion": 3,
    "requires": true,
    "packages": {
        "": {
            "name": "@loupeteam/librarybuilderproject",
            "version": "0.2.0",
            "license": "MIT",
            "dependencies": {
                "@loupeteam/librarybuilderproject": "^0.3.0",
                "@loupeteam/scalelib": "^0.1.0"
            }
        },
        "node_modules/@loupeteam/librarybuilderproject": {
            "version": "0.3.0",
            "resolved": "https://npm.pkg.github.com/download/@loupeteam/librarybuilderproject/0.3.0/9c3c1fc98350439d618573f3b465d94e3ae1e000",
            "integrity": "sha512-kUOwhpPoqQ1DikLGFBH3c8+nsb28ayX2IpQRC0UaEg34cV4GrRoI0FvkSovc3tgrGohpyvxFPRy5C6TM5wj7JA==",
            "license": "MIT"
        },
        "node_modules/@loupeteam/scalelib": {
            "version": "0.1.0",
            "resolved": "https://npm.pkg.github.com/download/@loupeteam/scalelib/0.1.0/d41ee82f129be32c7c2a0465090b563d13e026cd",
            "integrity": "sha512-HD4g2yz4AQaRzsJt3a9GLZ7VVS2Yh9C5FAP+ch4eOfoWFwfaOPrq7Ho69avT+Ef2MCYZbLFg6EhRoi+/fGfguQ==",
            "license": "Loupe Software License Agreement"
        }
    }
}
