{
  "name": "asproject",
  "version": "1.0.0",
  "lockfileVersion": 3,
  "requires": true,
  "packages": {
    "": {
      "name": "asproject",
      "version": "1.0.0",
      "license": "MIT",
      "dependencies": {
        "@loupeteam/librarybuilderproject": "^1.0.1"
      }
    },
    "node_modules/@loupeteam/librarybuilderproject": {
      "version": "1.0.1",
      "resolved": "https://npm.pkg.github.com/download/@loupeteam/librarybuilderproject/1.0.1/7c9555096f7ef8e8ce6b355c76533cb86d3b0229",
      "integrity": "sha512-0a31O2d0/LpWOwOvde6hIU/ZKPt4B9RXgrM/KQi2ayXm9UuDudNdp0YqCiTDm+UqciUlY5GtpQzOhx4VYfKdbA==",
      "license": "MIT"
    }
  }
}
